
Microsoft Visual Studio Solution File, Format Version 12.00
# Visual Studio 15
Project("{F2A71F9B-5D33-465A-A702-920D77279786}") = "HelloWorld", "HelloWorld.fsproj", "{0A3CDB1D-66BB-4288-8A48-24CCB840104B}"
EndProject
Global
	GlobalSection(SolutionConfigurationPlatforms) = preSolution
		Debug|Any CPU = Debug|Any CPU
		Release|Any CPU = Release|Any CPU
	EndGlobalSection
	GlobalSection(ProjectConfigurationPlatforms) = postSolution
		{0A3CDB1D-66BB-4288-8A48-24CCB840104B}.Debug|Any CPU.ActiveCfg = Debug|Any CPU
		{0A3CDB1D-66BB-4288-8A48-24CCB840104B}.Debug|Any CPU.Build.0 = Debug|Any CPU
		{0A3CDB1D-66BB-4288-8A48-24CCB840104B}.Release|Any CPU.ActiveCfg = Release|Any CPU
		{0A3CDB1D-66BB-4288-8A48-24CCB840104B}.Release|Any CPU.Build.0 = Release|Any CPU
	EndGlobalSection
EndGlobal
